
Microsoft Visual Studio Solution File, Format Version 12.00
# Visual Studio Version 17
VisualStudioVersion = 17.11.35327.3
MinimumVisualStudioVersion = 10.0.40219.1
Project("{9A19103F-16F7-4668-BE54-9A1E7A4F7556}") = "SqlDistributedCache.Demo", "SqlDistributedCache.Demo\SqlDistributedCache.Demo.csproj", "{235A1CFD-D2E1-496E-AC81-F2E6029139BD}"
EndProject
Global
	GlobalSection(SolutionConfigurationPlatforms) = preSolution
		Debug|Any CPU = Debug|Any CPU
		Release|Any CPU = Release|Any CPU
	EndGlobalSection
	GlobalSection(ProjectConfigurationPlatforms) = postSolution
		{235A1CFD-D2E1-496E-AC81-F2E6029139BD}.Debug|Any CPU.ActiveCfg = Debug|Any CPU
		{235A1CFD-D2E1-496E-AC81-F2E6029139BD}.Debug|Any CPU.Build.0 = Debug|Any CPU
		{235A1CFD-D2E1-496E-AC81-F2E6029139BD}.Release|Any CPU.ActiveCfg = Release|Any CPU
		{235A1CFD-D2E1-496E-AC81-F2E6029139BD}.Release|Any CPU.Build.0 = Release|Any CPU
	EndGlobalSection
	GlobalSection(SolutionProperties) = preSolution
		HideSolutionNode = FALSE
	EndGlobalSection
	GlobalSection(ExtensibilityGlobals) = postSolution
		SolutionGuid = {CD9827D9-C9D2-4B58-A3D5-3E5E2AD7001F}
	EndGlobalSection
EndGlobal
